
Microsoft Visual Studio Solution File, Format Version 9.00
# Visual Studio 2005
Project("{FAE04EC0-301F-11D3-BF4B-00C04F79EFBC}") = "JianhuaWebSystem", "JianhuaWebSystem\JianhuaWebSystem.csproj", "{B9A5231F-2317-4671-AF1D-4C710985E028}"
EndProject
Project("{FAE04EC0-301F-11D3-BF4B-00C04F79EFBC}") = "JianhuaArithmeticStudy", "..\JianhuaArithmeticStudy\JianhuaArithmeticStudy.csproj", "{FB514A81-DD77-464D-8ACF-4D6DAAB58B80}"
EndProject
Global
	GlobalSection(SolutionConfigurationPlatforms) = preSolution
		Debug|Any CPU = Debug|Any CPU
		Release|Any CPU = Release|Any CPU
	EndGlobalSection
	GlobalSection(ProjectConfigurationPlatforms) = postSolution
		{B9A5231F-2317-4671-AF1D-4C710985E028}.Debug|Any CPU.ActiveCfg = Debug|Any CPU
		{B9A5231F-2317-4671-AF1D-4C710985E028}.Debug|Any CPU.Build.0 = Debug|Any CPU
		{B9A5231F-2317-4671-AF1D-4C710985E028}.Release|Any CPU.ActiveCfg = Release|Any CPU
		{B9A5231F-2317-4671-AF1D-4C710985E028}.Release|Any CPU.Build.0 = Release|Any CPU
		{FB514A81-DD77-464D-8ACF-4D6DAAB58B80}.Debug|Any CPU.ActiveCfg = Debug|Any CPU
		{FB514A81-DD77-464D-8ACF-4D6DAAB58B80}.Debug|Any CPU.Build.0 = Debug|Any CPU
		{FB514A81-DD77-464D-8ACF-4D6DAAB58B80}.Release|Any CPU.ActiveCfg = Release|Any CPU
		{FB514A81-DD77-464D-8ACF-4D6DAAB58B80}.Release|Any CPU.Build.0 = Release|Any CPU
	EndGlobalSection
	GlobalSection(SolutionProperties) = preSolution
		HideSolutionNode = FALSE
	EndGlobalSection
EndGlobal
